<Project xmlns="http://schemas.microsoft.com/developer/msbuild/2003">
    <PropertyGroup>
        <ProjectGuid>{D3AD9247-C039-42B0-9964-C6FE0BF2FDF3}</ProjectGuid>
        <MainSource>VoaimsCom.dpr</MainSource>
        <Base>True</Base>
        <TargetedPlatforms>2</TargetedPlatforms>
        <AppType>Library</AppType>
        <FrameworkType>VCL</FrameworkType>
        <ProjectVersion>18.1</ProjectVersion>
        <Config Condition="'$(Config)'==''">Debug</Config>
        <Platform Condition="'$(Platform)'==''">Win64</Platform>
    </PropertyGroup>
    <PropertyGroup Condition="'$(Config)'=='Base' or '$(Base)'!=''">
        <Base>true</Base>
    </PropertyGroup>
    <PropertyGroup Condition="'$(Config)'=='Release' or '$(Cfg_1)'!=''">
        <Cfg_1>true</Cfg_1>
        <CfgParent>Base</CfgParent>
        <Base>true</Base>
    </PropertyGroup>
    <PropertyGroup Condition="'$(Config)'=='Debug' or '$(Cfg_2)'!=''">
        <Cfg_2>true</Cfg_2>
        <CfgParent>Base</CfgParent>
        <Base>true</Base>
    </PropertyGroup>
    <PropertyGroup Condition="'$(Config)'=='MergedDLLs' or '$(Cfg_3)'!=''">
        <Cfg_3>true</Cfg_3>
        <CfgParent>Base</CfgParent>
        <Base>true</Base>
    </PropertyGroup>
    <PropertyGroup Condition="'$(Base)'!=''">
        <SanitizedProjectName>VoaimsCom</SanitizedProjectName>
        <GenDll>true</GenDll>
    </PropertyGroup>
    <Import Project="..\BaseWRMF.optset" Condition="'$(Cfg_1)'!='' And Exists('..\BaseWRMF.optset')"/>
    <Import Project="..\BaseWRMF_Release.optset" Condition="'$(Cfg_1)'!='' And Exists('..\BaseWRMF_Release.optset')"/>
    <PropertyGroup Condition="'$(Cfg_1)'!=''">
        <BRCC_OutputDir>dcu\$(Config)</BRCC_OutputDir>
        <DCC_DcuOutput>dcu\$(Config)</DCC_DcuOutput>
        <DCC_ExeOutput>..\Deployment\$(Config)</DCC_ExeOutput>
        <DCC_UnitSearchPath>..\Package\Dcp\$(Config);$(DCC_UnitSearchPath)</DCC_UnitSearchPath>
        <UsePackages>true</UsePackages>
        <DCC_UsePackage>WRMFCommon;$(DCC_UsePackage)</DCC_UsePackage>
        <CfgDependentOn>..\BaseWRMF.optset;..\BaseWRMF_Release.optset</CfgDependentOn>
    </PropertyGroup>
    <Import Project="..\BaseWRMF.optset" Condition="'$(Cfg_2)'!='' And Exists('..\BaseWRMF.optset')"/>
    <Import Project="..\BaseWRMF_Debug.optset" Condition="'$(Cfg_2)'!='' And Exists('..\BaseWRMF_Debug.optset')"/>
    <PropertyGroup Condition="'$(Cfg_2)'!=''">
        <BRCC_OutputDir>dcu\$(Config)</BRCC_OutputDir>
        <DCC_DcuOutput>dcu\$(Config)</DCC_DcuOutput>
        <DCC_ExeOutput>..\Deployment\$(Config)</DCC_ExeOutput>
        <DCC_UnitSearchPath>..\Package\Dcp\$(Config);$(DCC_UnitSearchPath)</DCC_UnitSearchPath>
        <Debugger_CWD>..\Deployment\Debug</Debugger_CWD>
        <Debugger_HostApplication>TestCOM.exe</Debugger_HostApplication>
        <CfgDependentOn>..\BaseWRMF.optset;..\BaseWRMF_Debug.optset</CfgDependentOn>
    </PropertyGroup>
    <Import Project="..\BaseWRMF.optset" Condition="'$(Cfg_3)'!='' And Exists('..\BaseWRMF.optset')"/>
    <Import Project="..\BaseWRMF_Debug.optset" Condition="'$(Cfg_3)'!='' And Exists('..\BaseWRMF_Debug.optset')"/>
    <PropertyGroup Condition="'$(Cfg_3)'!=''">
        <DCC_Define>MERGE_DLLS;$(DCC_Define)</DCC_Define>
        <BRCC_OutputDir>dcu\$(Config)</BRCC_OutputDir>
        <DCC_DcuOutput>dcu\$(Config)</DCC_DcuOutput>
        <DCC_ExeOutput>..\Deployment\$(Config)</DCC_ExeOutput>
        <DCC_UnitSearchPath>..\Package\DatabaseAgents;..\Package\DatabaseLayer;..\Package\DataObject;..\Package\DelphiGeneric;..\Package\FileAgents;..\Package\FileSelection;..\Package\Framework;..\Package\GUI;..\Package\Interfaces;..\Package\Lib;..\Package\ModelData;..\Package\ModelData_Yield;..\Package\YRC;..\Package\ZipLibrary;..\DLLProjects\AccessControl;..\DLLProjects\Changes;..\DLLProjects\DailyDiversionPreProcessor;..\DLLProjects\FieldProperties;..\DLLProjects\FileEditor;..\DLLProjects\GridEditor;..\DLLProjects\GridOutputEditor;..\DLLProjects\HydrologyModel;..\DLLProjects\HydrologyModel\Components;..\DLLProjects\HydrologyModel\HydroCom;..\DLLProjects\HydrologyModel\HydroDialogs;..\DLLProjects\HydrologyModel\HydroXMLAgents;..\DLLProjects\HydroNetworkVisualiser;..\DLLProjects\Language;..\DLLProjects\MainForm;..\DLLProjects\MetaData;..\DLLProjects\ModelCapability;..\DLLProjects\ModelDDTS;..\DLLProjects\ModelDDTS\GUI;..\DLLProjects\ModelHydrology;..\DLLProjects\ModelPlanning;..\DLLProjects\ModelRainfallData;..\DLLProjects\ModelRainfallData\GUI;..\DLLProjects\ModelRainfallData\Implementation;..\DLLProjects\ModelRainfallData\Interface;..\DLLProjects\ModelRWH;..\DLLProjects\ModelRWH\GUI;..\DLLProjects\ModelRWH\Lib;..\DLLProjects\ModelStomsa;..\DLLProjects\ModelStomsa\StomsaComponents;..\DLLProjects\ModelYield;..\DLLProjects\ModelYRC;..\DLLProjects\MSAccessDatabaseLayer;..\DLLProjects\OutputComparison;..\DLLProjects\OutputReview;..\DLLProjects\PreProcessorDamSedimentation;..\DLLProjects\PreProcessorIFR;..\DLLProjects\PrintManager;..\DLLProjects\SplashScreens;..\DLLProjects\StudyDocuments;..\DLLProjects\StudySelection;..\DLLProjects\TimeSeriesComparitor;..\DLLProjects\ViewDataGraphs;..\DLLProjects\ViewOutputGraphs;..\DLLProjects\VisioNetworkVisualiser;..\DLLProjects\WeatherEvents;..\DLLProjects\YieldReliabilityCurve;..\DLLProjects\YieldReliabilityCurve\Series;..\DLLProjects\YieldReliabilityCurve\YRCFramework;$(DCC_UnitSearchPath)</DCC_UnitSearchPath>
        <UsePackages>false</UsePackages>
        <DCC_UsePackage>tee;teeUI;$(DCC_UsePackage)</DCC_UsePackage>
        <Debugger_CWD>..\Deployment\MergedDLLs</Debugger_CWD>
        <Debugger_HostApplication>TestCOM.exe</Debugger_HostApplication>
        <Debugger_DebugSourcePath>..\Package\DatabaseAgents;..\Package\DatabaseLayer;..\Package\DataObject;..\Package\DelphiGeneric;..\Package\FileAgents;..\Package\FileSelection;..\Package\Framework;..\Package\GUI;..\Package\Interfaces;..\Package\Lib;..\Package\ModelData;..\Package\ModelData_Yield;..\Package\YRC;..\Package\ZipLibrary;..\DLLProjects\AccessControl;..\DLLProjects\Changes;..\DLLProjects\DailyDiversionPreProcessor;..\DLLProjects\FieldProperties;..\DLLProjects\FileEditor;..\DLLProjects\GridEditor;..\DLLProjects\GridOutputEditor;..\DLLProjects\HydrologyModel;..\DLLProjects\HydrologyModel\Components;..\DLLProjects\HydrologyModel\HydroCom;..\DLLProjects\HydrologyModel\HydroDialogs;..\DLLProjects\HydrologyModel\HydroXMLAgents;..\DLLProjects\HydroNetworkVisualiser;..\DLLProjects\Language;..\DLLProjects\MainForm;..\DLLProjects\MetaData;..\DLLProjects\ModelCapability;..\DLLProjects\ModelDDTS;..\DLLProjects\ModelDDTS\GUI;..\DLLProjects\ModelHydrology;..\DLLProjects\ModelPlanning;..\DLLProjects\ModelRainfallData;..\DLLProjects\ModelRainfallData\GUI;..\DLLProjects\ModelRainfallData\Implementation;..\DLLProjects\ModelRainfallData\Interface;..\DLLProjects\ModelRWH;..\DLLProjects\ModelRWH\GUI;..\DLLProjects\ModelRWH\Lib;..\DLLProjects\ModelStomsa;..\DLLProjects\ModelStomsa\StomsaComponents;..\DLLProjects\ModelYield;..\DLLProjects\ModelYRC;..\DLLProjects\MSAccessDatabaseLayer;..\DLLProjects\OutputComparison;..\DLLProjects\OutputReview;..\DLLProjects\PreProcessorDamSedimentation;..\DLLProjects\PreProcessorIFR;..\DLLProjects\PrintManager;..\DLLProjects\SplashScreens;..\DLLProjects\StudyDocuments;..\DLLProjects\StudySelection;..\DLLProjects\TimeSeriesComparitor;..\DLLProjects\ViewDataGraphs;..\DLLProjects\ViewOutputGraphs;..\DLLProjects\VisioNetworkVisualiser;..\DLLProjects\WeatherEvents;..\DLLProjects\YieldReliabilityCurve;..\DLLProjects\YieldReliabilityCurve\Series;..\DLLProjects\YieldReliabilityCurve\YRCFramework;$(Debugger_DebugSourcePath)</Debugger_DebugSourcePath>
        <CfgDependentOn>..\BaseWRMF.optset;..\BaseWRMF_Debug.optset</CfgDependentOn>
    </PropertyGroup>
    <Import Project="..\BaseWRMF.optset" Condition="'$(Base)'!=''"/>
    <Import Project="..\BaseWRMF_Release.optset" Condition="'$(Cfg_1)'!=''"/>
    <Import Project="..\BaseWRMF_Debug.optset" Condition="'$(Cfg_2)'!=''"/>
    <ItemGroup>
        <DelphiCompile Include="$(MainSource)">
            <MainSource>MainSource</MainSource>
        </DelphiCompile>
        <DCCReference Include="VoaimsCom_TLB.pas"/>
        <DCCReference Include="UVoaimsComObject.pas">
            <CoClasses>VoaimsComObject</CoClasses>
        </DCCReference>
        <RcCompile Include="..\WRMFVersion.rc">
            <Form>WRMFVersion.res</Form>
        </RcCompile>
        <RcCompile Include="..\DLLProjects\ModelStomsa\StomsaSQL.rc">
            <Form>StomsaSQL.res</Form>
        </RcCompile>
        <RidlCompile Include="VoaimsCom.ridl"/>
        <BuildConfiguration Include="Base">
            <Key>Base</Key>
        </BuildConfiguration>
        <BuildConfiguration Include="Debug">
            <Key>Cfg_2</Key>
            <CfgParent>Base</CfgParent>
            <DependentOn>..\BaseWRMF.optset;..\BaseWRMF_Debug.optset</DependentOn>
        </BuildConfiguration>
        <BuildConfiguration Include="Release">
            <Key>Cfg_1</Key>
            <CfgParent>Base</CfgParent>
            <DependentOn>..\BaseWRMF.optset;..\BaseWRMF_Release.optset</DependentOn>
        </BuildConfiguration>
        <BuildConfiguration Include="MergedDLLs">
            <Key>Cfg_3</Key>
            <CfgParent>Base</CfgParent>
            <DependentOn>..\BaseWRMF.optset;..\BaseWRMF_Debug.optset</DependentOn>
        </BuildConfiguration>
    </ItemGroup>
    <ProjectExtensions>
        <Borland.Personality>Delphi.Personality.12</Borland.Personality>
        <BorlandProject>
            <Delphi.Personality>
                <Source>
                    <Source Name="MainSource">VoaimsCom.dpr</Source>
                </Source>
            </Delphi.Personality>
            <Platforms>
                <Platform value="iOSDevice64">False</Platform>
                <Platform value="OSX32">False</Platform>
                <Platform value="Win32">False</Platform>
                <Platform value="Win64">True</Platform>
            </Platforms>
            <ActiveXProjectInfo>
                <version>1</version>
            </ActiveXProjectInfo>
        </BorlandProject>
        <ProjectFileVersion>12</ProjectFileVersion>
    </ProjectExtensions>
</Project>
